
Microsoft Visual Studio Solution File, Format Version 12.00
# Visual Studio Version 17
VisualStudioVersion = 17.3.32811.315
MinimumVisualStudioVersion = 10.0.40219.1
Project("{9A19103F-16F7-4668-BE54-9A1E7A4F7556}") = "WinFormsHomework_1", "WinFormsHomework_1\WinFormsHomework_1.csproj", "{63143D2C-F362-45EB-9ECF-914CA233D16D}"
EndProject
Project("{FAE04EC0-301F-11D3-BF4B-00C04F79EFBC}") = "WinFormsHomework_2", "WinFormsHomework_2\WinFormsHomework_2.csproj", "{8B0756E0-F0B6-4A2F-8EFF-FB9B2F965197}"
EndProject
Project("{FAE04EC0-301F-11D3-BF4B-00C04F79EFBC}") = "WinFormsHomework_3", "WinFormsHomework_3\WinFormsHomework_3.csproj", "{2D7C96C3-5F42-4820-B121-03C51AA9E0EA}"
EndProject
Global
	GlobalSection(SolutionConfigurationPlatforms) = preSolution
		Debug|Any CPU = Debug|Any CPU
		Release|Any CPU = Release|Any CPU
	EndGlobalSection
	GlobalSection(ProjectConfigurationPlatforms) = postSolution
		{63143D2C-F362-45EB-9ECF-914CA233D16D}.Debug|Any CPU.ActiveCfg = Debug|Any CPU
		{63143D2C-F362-45EB-9ECF-914CA233D16D}.Debug|Any CPU.Build.0 = Debug|Any CPU
		{63143D2C-F362-45EB-9ECF-914CA233D16D}.Release|Any CPU.ActiveCfg = Release|Any CPU
		{63143D2C-F362-45EB-9ECF-914CA233D16D}.Release|Any CPU.Build.0 = Release|Any CPU
		{8B0756E0-F0B6-4A2F-8EFF-FB9B2F965197}.Debug|Any CPU.ActiveCfg = Debug|Any CPU
		{8B0756E0-F0B6-4A2F-8EFF-FB9B2F965197}.Debug|Any CPU.Build.0 = Debug|Any CPU
		{8B0756E0-F0B6-4A2F-8EFF-FB9B2F965197}.Release|Any CPU.ActiveCfg = Release|Any CPU
		{8B0756E0-F0B6-4A2F-8EFF-FB9B2F965197}.Release|Any CPU.Build.0 = Release|Any CPU
		{2D7C96C3-5F42-4820-B121-03C51AA9E0EA}.Debug|Any CPU.ActiveCfg = Debug|Any CPU
		{2D7C96C3-5F42-4820-B121-03C51AA9E0EA}.Debug|Any CPU.Build.0 = Debug|Any CPU
		{2D7C96C3-5F42-4820-B121-03C51AA9E0EA}.Release|Any CPU.ActiveCfg = Release|Any CPU
		{2D7C96C3-5F42-4820-B121-03C51AA9E0EA}.Release|Any CPU.Build.0 = Release|Any CPU
	EndGlobalSection
	GlobalSection(SolutionProperties) = preSolution
		HideSolutionNode = FALSE
	EndGlobalSection
	GlobalSection(ExtensibilityGlobals) = postSolution
		SolutionGuid = {13CD86B5-BD5C-4487-88E3-C3E73504D94B}
	EndGlobalSection
EndGlobal
